
Microsoft Visual Studio Solution File, Format Version 12.00
# Visual Studio Version 16
VisualStudioVersion = 16.0.30907.101
MinimumVisualStudioVersion = 10.0.40219.1
Project("{9A19103F-16F7-4668-BE54-9A1E7A4F7556}") = "TchiboFamilyCircleApi", "TchiboFamilyCircleApi\TchiboFamilyCircleApi.csproj", "{7C3F7135-830E-4C98-B519-CA0C0F6D54EE}"
EndProject
Project("{9A19103F-16F7-4668-BE54-9A1E7A4F7556}") = "TchiboFamilyCircle.Dto", "TchiboFamilyCircle.Dto\TchiboFamilyCircle.Dto.csproj", "{F35C5884-1DC4-452E-9EA8-ECD0CD724C90}"
EndProject
Project("{9A19103F-16F7-4668-BE54-9A1E7A4F7556}") = "TchiboFamilyCircle.Mapping", "TchiboFamilyCircle.Mapping\TchiboFamilyCircle.Mapping.csproj", "{46CF396F-8531-4045-B895-69EB903ED2AA}"
EndProject
Global
	GlobalSection(SolutionConfigurationPlatforms) = preSolution
		Debug|Any CPU = Debug|Any CPU
		Release|Any CPU = Release|Any CPU
	EndGlobalSection
	GlobalSection(ProjectConfigurationPlatforms) = postSolution
		{7C3F7135-830E-4C98-B519-CA0C0F6D54EE}.Debug|Any CPU.ActiveCfg = Debug|Any CPU
		{7C3F7135-830E-4C98-B519-CA0C0F6D54EE}.Debug|Any CPU.Build.0 = Debug|Any CPU
		{7C3F7135-830E-4C98-B519-CA0C0F6D54EE}.Release|Any CPU.ActiveCfg = Release|Any CPU
		{7C3F7135-830E-4C98-B519-CA0C0F6D54EE}.Release|Any CPU.Build.0 = Release|Any CPU
		{F35C5884-1DC4-452E-9EA8-ECD0CD724C90}.Debug|Any CPU.ActiveCfg = Debug|Any CPU
		{F35C5884-1DC4-452E-9EA8-ECD0CD724C90}.Debug|Any CPU.Build.0 = Debug|Any CPU
		{F35C5884-1DC4-452E-9EA8-ECD0CD724C90}.Release|Any CPU.ActiveCfg = Release|Any CPU
		{F35C5884-1DC4-452E-9EA8-ECD0CD724C90}.Release|Any CPU.Build.0 = Release|Any CPU
		{46CF396F-8531-4045-B895-69EB903ED2AA}.Debug|Any CPU.ActiveCfg = Debug|Any CPU
		{46CF396F-8531-4045-B895-69EB903ED2AA}.Debug|Any CPU.Build.0 = Debug|Any CPU
		{46CF396F-8531-4045-B895-69EB903ED2AA}.Release|Any CPU.ActiveCfg = Release|Any CPU
		{46CF396F-8531-4045-B895-69EB903ED2AA}.Release|Any CPU.Build.0 = Release|Any CPU
	EndGlobalSection
	GlobalSection(SolutionProperties) = preSolution
		HideSolutionNode = FALSE
	EndGlobalSection
	GlobalSection(ExtensibilityGlobals) = postSolution
		SolutionGuid = {E6F8B02D-6F27-4561-8947-47006FF1AEFF}
	EndGlobalSection
EndGlobal
